PODS:
  - FlutterMacOS (1.0.0)
  - nimbasms_flutter (1.0.0):
    - FlutterMacOS

DEPENDENCIES:
  - FlutterMacOS (from `Flutter/ephemeral`)
  - nimbasms_flutter (from `Flutter/ephemeral/.symlinks/plugins/nimbasms_flutter/macos`)

EXTERNAL SOURCES:
  FlutterMacOS:
    :path: Flutter/ephemeral
  nimbasms_flutter:
    :path: Flutter/ephemeral/.symlinks/plugins/nimbasms_flutter/macos

SPEC CHECKSUMS:
  FlutterMacOS: 8f6f14fa908a6fb3fba0cd85dbd81ec4b251fb24
  nimbasms_flutter: 85ddb9948c8b4b8498b1a0a3a4ef2d843c235b37

PODFILE CHECKSUM: 236401fc2c932af29a9fcf0e97baeeb2d750d367

COCOAPODS: 1.15.2
